// !$*UTF8*$!
{
	archiveVersion = 1;
	classes = {
	};
	objectVersion = 50;
	objects = {

/* Begin PBXBuildFile section */
		E52EB7E6242F081C00A154FB /* AppDelegate.m in Sources */ = {isa = PBXBuildFile; fileRef = E52EB7E5242F081C00A154FB /* AppDelegate.m */; };
		E52EB7EC242F081C00A154FB /* ViewController.m in Sources */ = {isa = PBXBuildFile; fileRef = E52EB7EB242F081C00A154FB /* ViewController.m */; };
		E52EB7EF242F081C00A154FB /* Main.storyboard in Resources */ = {isa = PBXBuildFile; fileRef = E52EB7ED242F081C00A154FB /* Main.storyboard */; };
		E52EB7F1242F081D00A154FB /* Assets.xcassets in Resources */ = {isa = PBXBuildFile; fileRef = E52EB7F0242F081D00A154FB /* Assets.xcassets */; };
		E52EB7F4242F081D00A154FB /* LaunchScreen.storyboard in Resources */ = {isa = PBXBuildFile; fileRef = E52EB7F2242F081D00A154FB /* LaunchScreen.storyboard */; };
		E52EB7F7242F081D00A154FB /* main.m in Sources */ = {isa = PBXBuildFile; fileRef = E52EB7F6242F081D00A154FB /* main.m */; };
		E52EB801242F081D00A154FB /* RedPageRainTests.m in Sources */ = {isa = PBXBuildFile; fileRef = E52EB800242F081D00A154FB /* RedPageRainTests.m */; };
		E52EB80C242F081D00A154FB /* RedPageRainUITests.m in Sources */ = {isa = PBXBuildFile; fileRef = E52EB80B242F081D00A154FB /* RedPageRainUITests.m */; };
		E52EB81B242F09A800A154FB /* RedPackRainView.m in Sources */ = {isa = PBXBuildFile; fileRef = E52EB81A242F09A800A154FB /* RedPackRainView.m */; };
		E52EB836242F247C00A154FB /* NSLayoutConstraint+MASDebugAdditions.m in Sources */ = {isa = PBXBuildFile; fileRef = E52EB81E242F247C00A154FB /* NSLayoutConstraint+MASDebugAdditions.m */; };
		E52EB837242F247C00A154FB /* ViewController+MASAdditions.m in Sources */ = {isa = PBXBuildFile; fileRef = E52EB827242F247C00A154FB /* ViewController+MASAdditions.m */; };
		E52EB838242F247C00A154FB /* MASCompositeConstraint.m in Sources */ = {isa = PBXBuildFile; fileRef = E52EB82B242F247C00A154FB /* MASCompositeConstraint.m */; };
		E52EB839242F247C00A154FB /* MASConstraintMaker.m in Sources */ = {isa = PBXBuildFile; fileRef = E52EB82C242F247C00A154FB /* MASConstraintMaker.m */; };
		E52EB83A242F247C00A154FB /* MASLayoutConstraint.m in Sources */ = {isa = PBXBuildFile; fileRef = E52EB82D242F247C00A154FB /* MASLayoutConstraint.m */; };
		E52EB83B242F247C00A154FB /* NSArray+MASAdditions.m in Sources */ = {isa = PBXBuildFile; fileRef = E52EB82E242F247C00A154FB /* NSArray+MASAdditions.m */; };
		E52EB83C242F247C00A154FB /* View+MASAdditions.m in Sources */ = {isa = PBXBuildFile; fileRef = E52EB82F242F247C00A154FB /* View+MASAdditions.m */; };
		E52EB83D242F247C00A154FB /* MASConstraint.m in Sources */ = {isa = PBXBuildFile; fileRef = E52EB832242F247C00A154FB /* MASConstraint.m */; };
		E52EB83E242F247C00A154FB /* MASViewConstraint.m in Sources */ = {isa = PBXBuildFile; fileRef = E52EB834242F247C00A154FB /* MASViewConstraint.m */; };
		E52EB83F242F247C00A154FB /* MASViewAttribute.m in Sources */ = {isa = PBXBuildFile; fileRef = E52EB835242F247C00A154FB /* MASViewAttribute.m */; };
/* End PBXBuildFile section */

/* Begin PBXContainerItemProxy section */
		E52EB7FD242F081D00A154FB /* PBXContainerItemProxy */ = {
			isa = PBXContainerItemProxy;
			containerPortal = E52EB7D9242F081C00A154FB /* Project object */;
			proxyType = 1;
			remoteGlobalIDString = E52EB7E0242F081C00A154FB;
			remoteInfo = RedPageRain;
		};
		E52EB808242F081D00A154FB /* PBXContainerItemProxy */ = {
			isa = PBXContainerItemProxy;
			containerPortal = E52EB7D9242F081C00A154FB /* Project object */;
			proxyType = 1;
			remoteGlobalIDString = E52EB7E0242F081C00A154FB;
			remoteInfo = RedPageRain;
		};
/* End PBXContainerItemProxy section */

/* Begin PBXFileReference section */
		E52EB7E1242F081C00A154FB /* RedPageRain.app */ = {isa = PBXFileReference; explicitFileType = wrapper.application; includeInIndex = 0; path = RedPageRain.app; sourceTree = BUILT_PRODUCTS_DIR; };
		E52EB7E4242F081C00A154FB /* AppDelegate.h */ = {isa = PBXFileReference; lastKnownFileType = sourcecode.c.h; path = AppDelegate.h; sourceTree = "<group>"; };
		E52EB7E5242F081C00A154FB /* AppDelegate.m */ = {isa = PBXFileReference; lastKnownFileType = sourcecode.c.objc; path = AppDelegate.m; sourceTree = "<group>"; };
		E52EB7EA242F081C00A154FB /* ViewController.h */ = {isa = PBXFileReference; lastKnownFileType = sourcecode.c.h; path = ViewController.h; sourceTree = "<group>"; };
		E52EB7EB242F081C00A154FB /* ViewController.m */ = {isa = PBXFileReference; lastKnownFileType = sourcecode.c.objc; path = ViewController.m; sourceTree = "<group>"; };
		E52EB7EE242F081C00A154FB /* Base */ = {isa = PBXFileReference; lastKnownFileType = file.storyboard; name = Base; path = Base.lproj/Main.storyboard; sourceTree = "<group>"; };
		E52EB7F0242F081D00A154FB /* Assets.xcassets */ = {isa = PBXFileReference; lastKnownFileType = folder.assetcatalog; path = Assets.xcassets; sourceTree = "<group>"; };
		E52EB7F3242F081D00A154FB /* Base */ = {isa = PBXFileReference; lastKnownFileType = file.storyboard; name = Base; path = Base.lproj/LaunchScreen.storyboard; sourceTree = "<group>"; };
		E52EB7F5242F081D00A154FB /* Info.plist */ = {isa = PBXFileReference; lastKnownFileType = text.plist.xml; path = Info.plist; sourceTree = "<group>"; };
		E52EB7F6242F081D00A154FB /* main.m */ = {isa = PBXFileReference; lastKnownFileType = sourcecode.c.objc; path = main.m; sourceTree = "<group>"; };
		E52EB7FC242F081D00A154FB /* RedPageRainTests.xctest */ = {isa = PBXFileReference; explicitFileType = wrapper.cfbundle; includeInIndex = 0; path = RedPageRainTests.xctest; sourceTree = BUILT_PRODUCTS_DIR; };
		E52EB800242F081D00A154FB /* RedPageRainTests.m */ = {isa = PBXFileReference; lastKnownFileType = sourcecode.c.objc; path = RedPageRainTests.m; sourceTree = "<group>"; };
		E52EB802242F081D00A154FB /* Info.plist */ = {isa = PBXFileReference; lastKnownFileType = text.plist.xml; path = Info.plist; sourceTree = "<group>"; };
		E52EB807242F081D00A154FB /* RedPageRainUITests.xctest */ = {isa = PBXFileReference; explicitFileType = wrapper.cfbundle; includeInIndex = 0; path = RedPageRainUITests.xctest; sourceTree = BUILT_PRODUCTS_DIR; };
		E52EB80B242F081D00A154FB /* RedPageRainUITests.m */ = {isa = PBXFileReference; lastKnownFileType = sourcecode.c.objc; path = RedPageRainUITests.m; sourceTree = "<group>"; };
		E52EB80D242F081D00A154FB /* Info.plist */ = {isa = PBXFileReference; lastKnownFileType = text.plist.xml; path = Info.plist; sourceTree = "<group>"; };
		E52EB819242F09A800A154FB /* RedPackRainView.h */ = {isa = PBXFileReference; lastKnownFileType = sourcecode.c.h; path = RedPackRainView.h; sourceTree = "<group>"; };
		E52EB81A242F09A800A154FB /* RedPackRainView.m */ = {isa = PBXFileReference; lastKnownFileType = sourcecode.c.objc; path = RedPackRainView.m; sourceTree = "<group>"; };
		E52EB81D242F247C00A154FB /* MASCompositeConstraint.h */ = {isa = PBXFileReference; fileEncoding = 4; lastKnownFileType = sourcecode.c.h; path = MASCompositeConstraint.h; sourceTree = "<group>"; };
		E52EB81E242F247C00A154FB /* NSLayoutConstraint+MASDebugAdditions.m */ = {isa = PBXFileReference; fileEncoding = 4; lastKnownFileType = sourcecode.c.objc; path = "NSLayoutConstraint+MASDebugAdditions.m"; sourceTree = "<group>"; };
		E52EB81F242F247C00A154FB /* MASConstraint+Private.h */ = {isa = PBXFileReference; fileEncoding = 4; lastKnownFileType = sourcecode.c.h; path = "MASConstraint+Private.h"; sourceTree = "<group>"; };
		E52EB820242F247C00A154FB /* MASLayoutConstraint.h */ = {isa = PBXFileReference; fileEncoding = 4; lastKnownFileType = sourcecode.c.h; path = MASLayoutConstraint.h; sourceTree = "<group>"; };
		E52EB821242F247C00A154FB /* NSArray+MASShorthandAdditions.h */ = {isa = PBXFileReference; fileEncoding = 4; lastKnownFileType = sourcecode.c.h; path = "NSArray+MASShorthandAdditions.h"; sourceTree = "<group>"; };
		E52EB822242F247C00A154FB /* MASConstraintMaker.h */ = {isa = PBXFileReference; fileEncoding = 4; lastKnownFileType = sourcecode.c.h; path = MASConstraintMaker.h; sourceTree = "<group>"; };
		E52EB823242F247C00A154FB /* View+MASAdditions.h */ = {isa = PBXFileReference; fileEncoding = 4; lastKnownFileType = sourcecode.c.h; path = "View+MASAdditions.h"; sourceTree = "<group>"; };
		E52EB824242F247C00A154FB /* NSArray+MASAdditions.h */ = {isa = PBXFileReference; fileEncoding = 4; lastKnownFileType = sourcecode.c.h; path = "NSArray+MASAdditions.h"; sourceTree = "<group>"; };
		E52EB825242F247C00A154FB /* MASUtilities.h */ = {isa = PBXFileReference; fileEncoding = 4; lastKnownFileType = sourcecode.c.h; path = MASUtilities.h; sourceTree = "<group>"; };
		E52EB826242F247C00A154FB /* MASViewAttribute.h */ = {isa = PBXFileReference; fileEncoding = 4; lastKnownFileType = sourcecode.c.h; path = MASViewAttribute.h; sourceTree = "<group>"; };
		E52EB827242F247C00A154FB /* ViewController+MASAdditions.m */ = {isa = PBXFileReference; fileEncoding = 4; lastKnownFileType = sourcecode.c.objc; path = "ViewController+MASAdditions.m"; sourceTree = "<group>"; };
		E52EB828242F247C00A154FB /* MASViewConstraint.h */ = {isa = PBXFileReference; fileEncoding = 4; lastKnownFileType = sourcecode.c.h; path = MASViewConstraint.h; sourceTree = "<group>"; };
		E52EB829242F247C00A154FB /* MASConstraint.h */ = {isa = PBXFileReference; fileEncoding = 4; lastKnownFileType = sourcecode.c.h; path = MASConstraint.h; sourceTree = "<group>"; };
		E52EB82A242F247C00A154FB /* NSLayoutConstraint+MASDebugAdditions.h */ = {isa = PBXFileReference; fileEncoding = 4; lastKnownFileType = sourcecode.c.h; path = "NSLayoutConstraint+MASDebugAdditions.h"; sourceTree = "<group>"; };
		E52EB82B242F247C00A154FB /* MASCompositeConstraint.m */ = {isa = PBXFileReference; fileEncoding = 4; lastKnownFileType = sourcecode.c.objc; path = MASCompositeConstraint.m; sourceTree = "<group>"; };
		E52EB82C242F247C00A154FB /* MASConstraintMaker.m */ = {isa = PBXFileReference; fileEncoding = 4; lastKnownFileType = sourcecode.c.objc; path = MASConstraintMaker.m; sourceTree = "<group>"; };
		E52EB82D242F247C00A154FB /* MASLayoutConstraint.m */ = {isa = PBXFileReference; fileEncoding = 4; lastKnownFileType = sourcecode.c.objc; path = MASLayoutConstraint.m; sourceTree = "<group>"; };
		E52EB82E242F247C00A154FB /* NSArray+MASAdditions.m */ = {isa = PBXFileReference; fileEncoding = 4; lastKnownFileType = sourcecode.c.objc; path = "NSArray+MASAdditions.m"; sourceTree = "<group>"; };
		E52EB82F242F247C00A154FB /* View+MASAdditions.m */ = {isa = PBXFileReference; fileEncoding = 4; lastKnownFileType = sourcecode.c.objc; path = "View+MASAdditions.m"; sourceTree = "<group>"; };
		E52EB830242F247C00A154FB /* View+MASShorthandAdditions.h */ = {isa = PBXFileReference; fileEncoding = 4; lastKnownFileType = sourcecode.c.h; path = "View+MASShorthandAdditions.h"; sourceTree = "<group>"; };
		E52EB831242F247C00A154FB /* Masonry.h */ = {isa = PBXFileReference; fileEncoding = 4; lastKnownFileType = sourcecode.c.h; path = Masonry.h; sourceTree = "<group>"; };
		E52EB832242F247C00A154FB /* MASConstraint.m */ = {isa = PBXFileReference; fileEncoding = 4; lastKnownFileType = sourcecode.c.objc; path = MASConstraint.m; sourceTree = "<group>"; };
		E52EB833242F247C00A154FB /* ViewController+MASAdditions.h */ = {isa = PBXFileReference; fileEncoding = 4; lastKnownFileType = sourcecode.c.h; path = "ViewController+MASAdditions.h"; sourceTree = "<group>"; };
		E52EB834242F247C00A154FB /* MASViewConstraint.m */ = {isa = PBXFileReference; fileEncoding = 4; lastKnownFileType = sourcecode.c.objc; path = MASViewConstraint.m; sourceTree = "<group>"; };
		E52EB835242F247C00A154FB /* MASViewAttribute.m */ = {isa = PBXFileReference; fileEncoding = 4; lastKnownFileType = sourcecode.c.objc; path = MASViewAttribute.m; sourceTree = "<group>"; };
		E52EB843242F30DA00A154FB /* RedPackConfig.h */ = {isa = PBXFileReference; lastKnownFileType = sourcecode.c.h; path = RedPackConfig.h; sourceTree = "<group>"; };
/* End PBXFileReference section */

/* Begin PBXFrameworksBuildPhase section */
		E52EB7DE242F081C00A154FB /* Frameworks */ = {
			isa = PBXFrameworksBuildPhase;
			buildActionMask = 2147483647;
			files = (
			);
			runOnlyForDeploymentPostprocessing = 0;
		};
		E52EB7F9242F081D00A154FB /* Frameworks */ = {
			isa = PBXFrameworksBuildPhase;
			buildActionMask = 2147483647;
			files = (
			);
			runOnlyForDeploymentPostprocessing = 0;
		};
		E52EB804242F081D00A154FB /* Frameworks */ = {
			isa = PBXFrameworksBuildPhase;
			buildActionMask = 2147483647;
			files = (
			);
			runOnlyForDeploymentPostprocessing = 0;
		};
/* End PBXFrameworksBuildPhase section */

/* Begin PBXGroup section */
		E52EB7D8242F081C00A154FB = {
			isa = PBXGroup;
			children = (
				E52EB7E3242F081C00A154FB /* RedPageRain */,
				E52EB7FF242F081D00A154FB /* RedPageRainTests */,
				E52EB80A242F081D00A154FB /* RedPageRainUITests */,
				E52EB7E2242F081C00A154FB /* Products */,
			);
			sourceTree = "<group>";
		};
		E52EB7E2242F081C00A154FB /* Products */ = {
			isa = PBXGroup;
			children = (
				E52EB7E1242F081C00A154FB /* RedPageRain.app */,
				E52EB7FC242F081D00A154FB /* RedPageRainTests.xctest */,
				E52EB807242F081D00A154FB /* RedPageRainUITests.xctest */,
			);
			name = Products;
			sourceTree = "<group>";
		};
		E52EB7E3242F081C00A154FB /* RedPageRain */ = {
			isa = PBXGroup;
			children = (
				E52EB7E4242F081C00A154FB /* AppDelegate.h */,
				E52EB7E5242F081C00A154FB /* AppDelegate.m */,
				E52EB7EA242F081C00A154FB /* ViewController.h */,
				E52EB7EB242F081C00A154FB /* ViewController.m */,
				E52EB819242F09A800A154FB /* RedPackRainView.h */,
				E52EB81A242F09A800A154FB /* RedPackRainView.m */,
				E52EB843242F30DA00A154FB /* RedPackConfig.h */,
				E52EB81C242F247C00A154FB /* Masonry */,
				E52EB7ED242F081C00A154FB /* Main.storyboard */,
				E52EB7F0242F081D00A154FB /* Assets.xcassets */,
				E52EB7F2242F081D00A154FB /* LaunchScreen.storyboard */,
				E52EB7F5242F081D00A154FB /* Info.plist */,
				E52EB7F6242F081D00A154FB /* main.m */,
			);
			path = RedPageRain;
			sourceTree = "<group>";
		};
		E52EB7FF242F081D00A154FB /* RedPageRainTests */ = {
			isa = PBXGroup;
			children = (
				E52EB800242F081D00A154FB /* RedPageRainTests.m */,
				E52EB802242F081D00A154FB /* Info.plist */,
			);
			path = RedPageRainTests;
			sourceTree = "<group>";
		};
		E52EB80A242F081D00A154FB /* RedPageRainUITests */ = {
			isa = PBXGroup;
			children = (
				E52EB80B242F081D00A154FB /* RedPageRainUITests.m */,
				E52EB80D242F081D00A154FB /* Info.plist */,
			);
			path = RedPageRainUITests;
			sourceTree = "<group>";
		};
		E52EB81C242F247C00A154FB /* Masonry */ = {
			isa = PBXGroup;
			children = (
				E52EB81D242F247C00A154FB /* MASCompositeConstraint.h */,
				E52EB81E242F247C00A154FB /* NSLayoutConstraint+MASDebugAdditions.m */,
				E52EB81F242F247C00A154FB /* MASConstraint+Private.h */,
				E52EB820242F247C00A154FB /* MASLayoutConstraint.h */,
				E52EB821242F247C00A154FB /* NSArray+MASShorthandAdditions.h */,
				E52EB822242F247C00A154FB /* MASConstraintMaker.h */,
				E52EB823242F247C00A154FB /* View+MASAdditions.h */,
				E52EB824242F247C00A154FB /* NSArray+MASAdditions.h */,
				E52EB825242F247C00A154FB /* MASUtilities.h */,
				E52EB826242F247C00A154FB /* MASViewAttribute.h */,
				E52EB827242F247C00A154FB /* ViewController+MASAdditions.m */,
				E52EB828242F247C00A154FB /* MASViewConstraint.h */,
				E52EB829242F247C00A154FB /* MASConstraint.h */,
				E52EB82A242F247C00A154FB /* NSLayoutConstraint+MASDebugAdditions.h */,
				E52EB82B242F247C00A154FB /* MASCompositeConstraint.m */,
				E52EB82C242F247C00A154FB /* MASConstraintMaker.m */,
				E52EB82D242F247C00A154FB /* MASLayoutConstraint.m */,
				E52EB82E242F247C00A154FB /* NSArray+MASAdditions.m */,
				E52EB82F242F247C00A154FB /* View+MASAdditions.m */,
				E52EB830242F247C00A154FB /* View+MASShorthandAdditions.h */,
				E52EB831242F247C00A154FB /* Masonry.h */,
				E52EB832242F247C00A154FB /* MASConstraint.m */,
				E52EB833242F247C00A154FB /* ViewController+MASAdditions.h */,
				E52EB834242F247C00A154FB /* MASViewConstraint.m */,
				E52EB835242F247C00A154FB /* MASViewAttribute.m */,
			);
			path = Masonry;
			sourceTree = "<group>";
		};
/* End PBXGroup section */

/* Begin PBXNativeTarget section */
		E52EB7E0242F081C00A154FB /* RedPageRain */ = {
			isa = PBXNativeTarget;
			buildConfigurationList = E52EB810242F081D00A154FB /* Build configuration list for PBXNativeTarget "RedPageRain" */;
			buildPhases = (
				E52EB7DD242F081C00A154FB /* Sources */,
				E52EB7DE242F081C00A154FB /* Frameworks */,
				E52EB7DF242F081C00A154FB /* Resources */,
			);
			buildRules = (
			);
			dependencies = (
			);
			name = RedPageRain;
			productName = RedPageRain;
			productReference = E52EB7E1242F081C00A154FB /* RedPageRain.app */;
			productType = "com.apple.product-type.application";
		};
		E52EB7FB242F081D00A154FB /* RedPageRainTests */ = {
			isa = PBXNativeTarget;
			buildConfigurationList = E52EB813242F081D00A154FB /* Build configuration list for PBXNativeTarget "RedPageRainTests" */;
			buildPhases = (
				E52EB7F8242F081D00A154FB /* Sources */,
				E52EB7F9242F081D00A154FB /* Frameworks */,
				E52EB7FA242F081D00A154FB /* Resources */,
			);
			buildRules = (
			);
			dependencies = (
				E52EB7FE242F081D00A154FB /* PBXTargetDependency */,
			);
			name = RedPageRainTests;
			productName = RedPageRainTests;
			productReference = E52EB7FC242F081D00A154FB /* RedPageRainTests.xctest */;
			productType = "com.apple.product-type.bundle.unit-test";
		};
		E52EB806242F081D00A154FB /* RedPageRainUITests */ = {
			isa = PBXNativeTarget;
			buildConfigurationList = E52EB816242F081D00A154FB /* Build configuration list for PBXNativeTarget "RedPageRainUITests" */;
			buildPhases = (
				E52EB803242F081D00A154FB /* Sources */,
				E52EB804242F081D00A154FB /* Frameworks */,
				E52EB805242F081D00A154FB /* Resources */,
			);
			buildRules = (
			);
			dependencies = (
				E52EB809242F081D00A154FB /* PBXTargetDependency */,
			);
			name = RedPageRainUITests;
			productName = RedPageRainUITests;
			productReference = E52EB807242F081D00A154FB /* RedPageRainUITests.xctest */;
			productType = "com.apple.product-type.bundle.ui-testing";
		};
/* End PBXNativeTarget section */

/* Begin PBXProject section */
		E52EB7D9242F081C00A154FB /* Project object */ = {
			isa = PBXProject;
			attributes = {
				LastUpgradeCheck = 1110;
				ORGANIZATIONNAME = com.mt;
				TargetAttributes = {
					E52EB7E0242F081C00A154FB = {
						CreatedOnToolsVersion = 11.1;
					};
					E52EB7FB242F081D00A154FB = {
						CreatedOnToolsVersion = 11.1;
						TestTargetID = E52EB7E0242F081C00A154FB;
					};
					E52EB806242F081D00A154FB = {
						CreatedOnToolsVersion = 11.1;
						TestTargetID = E52EB7E0242F081C00A154FB;
					};
				};
			};
			buildConfigurationList = E52EB7DC242F081C00A154FB /* Build configuration list for PBXProject "RedPageRain" */;
			compatibilityVersion = "Xcode 9.3";
			developmentRegion = en;
			hasScannedForEncodings = 0;
			knownRegions = (
				en,
				Base,
			);
			mainGroup = E52EB7D8242F081C00A154FB;
			productRefGroup = E52EB7E2242F081C00A154FB /* Products */;
			projectDirPath = "";
			projectRoot = "";
			targets = (
				E52EB7E0242F081C00A154FB /* RedPageRain */,
				E52EB7FB242F081D00A154FB /* RedPageRainTests */,
				E52EB806242F081D00A154FB /* RedPageRainUITests */,
			);
		};
/* End PBXProject section */

/* Begin PBXResourcesBuildPhase section */
		E52EB7DF242F081C00A154FB /* Resources */ = {
			isa = PBXResourcesBuildPhase;
			buildActionMask = 2147483647;
			files = (
				E52EB7F4242F081D00A154FB /* LaunchScreen.storyboard in Resources */,
				E52EB7F1242F081D00A154FB /* Assets.xcassets in Resources */,
				E52EB7EF242F081C00A154FB /* Main.storyboard in Resources */,
			);
			runOnlyForDeploymentPostprocessing = 0;
		};
		E52EB7FA242F081D00A154FB /* Resources */ = {
			isa = PBXResourcesBuildPhase;
			buildActionMask = 2147483647;
			files = (
			);
			runOnlyForDeploymentPostprocessing = 0;
		};
		E52EB805242F081D00A154FB /* Resources */ = {
			isa = PBXResourcesBuildPhase;
			buildActionMask = 2147483647;
			files = (
			);
			runOnlyForDeploymentPostprocessing = 0;
		};
/* End PBXResourcesBuildPhase section */

/* Begin PBXSourcesBuildPhase section */
		E52EB7DD242F081C00A154FB /* Sources */ = {
			isa = PBXSourcesBuildPhase;
			buildActionMask = 2147483647;
			files = (
				E52EB83E242F247C00A154FB /* MASViewConstraint.m in Sources */,
				E52EB83F242F247C00A154FB /* MASViewAttribute.m in Sources */,
				E52EB7EC242F081C00A154FB /* ViewController.m in Sources */,
				E52EB7E6242F081C00A154FB /* AppDelegate.m in Sources */,
				E52EB83B242F247C00A154FB /* NSArray+MASAdditions.m in Sources */,
				E52EB837242F247C00A154FB /* ViewController+MASAdditions.m in Sources */,
				E52EB838242F247C00A154FB /* MASCompositeConstraint.m in Sources */,
				E52EB7F7242F081D00A154FB /* main.m in Sources */,
				E52EB83C242F247C00A154FB /* View+MASAdditions.m in Sources */,
				E52EB839242F247C00A154FB /* MASConstraintMaker.m in Sources */,
				E52EB83D242F247C00A154FB /* MASConstraint.m in Sources */,
				E52EB836242F247C00A154FB /* NSLayoutConstraint+MASDebugAdditions.m in Sources */,
				E52EB83A242F247C00A154FB /* MASLayoutConstraint.m in Sources */,
				E52EB81B242F09A800A154FB /* RedPackRainView.m in Sources */,
			);
			runOnlyForDeploymentPostprocessing = 0;
		};
		E52EB7F8242F081D00A154FB /* Sources */ = {
			isa = PBXSourcesBuildPhase;
			buildActionMask = 2147483647;
			files = (
				E52EB801242F081D00A154FB /* RedPageRainTests.m in Sources */,
			);
			runOnlyForDeploymentPostprocessing = 0;
		};
		E52EB803242F081D00A154FB /* Sources */ = {
			isa = PBXSourcesBuildPhase;
			buildActionMask = 2147483647;
			files = (
				E52EB80C242F081D00A154FB /* RedPageRainUITests.m in Sources */,
			);
			runOnlyForDeploymentPostprocessing = 0;
		};
/* End PBXSourcesBuildPhase section */

/* Begin PBXTargetDependency section */
		E52EB7FE242F081D00A154FB /* PBXTargetDependency */ = {
			isa = PBXTargetDependency;
			target = E52EB7E0242F081C00A154FB /* RedPageRain */;
			targetProxy = E52EB7FD242F081D00A154FB /* PBXContainerItemProxy */;
		};
		E52EB809242F081D00A154FB /* PBXTargetDependency */ = {
			isa = PBXTargetDependency;
			target = E52EB7E0242F081C00A154FB /* RedPageRain */;
			targetProxy = E52EB808242F081D00A154FB /* PBXContainerItemProxy */;
		};
/* End PBXTargetDependency section */

/* Begin PBXVariantGroup section */
		E52EB7ED242F081C00A154FB /* Main.storyboard */ = {
			isa = PBXVariantGroup;
			children = (
				E52EB7EE242F081C00A154FB /* Base */,
			);
			name = Main.storyboard;
			sourceTree = "<group>";
		};
		E52EB7F2242F081D00A154FB /* LaunchScreen.storyboard */ = {
			isa = PBXVariantGroup;
			children = (
				E52EB7F3242F081D00A154FB /* Base */,
			);
			name = LaunchScreen.storyboard;
			sourceTree = "<group>";
		};
/* End PBXVariantGroup section */

/* Begin XCBuildConfiguration section */
		E52EB80E242F081D00A154FB /* Debug */ = {
			isa = XCBuildConfiguration;
			buildSettings = {
				ALWAYS_SEARCH_USER_PATHS = NO;
				CLANG_ANALYZER_NONNULL = YES;
				CLANG_ANALYZER_NUMBER_OBJECT_CONVERSION = YES_AGGRESSIVE;
				CLANG_CXX_LANGUAGE_STANDARD = "gnu++14";
				CLANG_CXX_LIBRARY = "libc++";
				CLANG_ENABLE_MODULES = YES;
				CLANG_ENABLE_OBJC_ARC = YES;
				CLANG_ENABLE_OBJC_WEAK = YES;
				CLANG_WARN_BLOCK_CAPTURE_AUTORELEASING = YES;
				CLANG_WARN_BOOL_CONVERSION = YES;
				CLANG_WARN_COMMA = YES;
				CLANG_WARN_CONSTANT_CONVERSION = YES;
				CLANG_WARN_DEPRECATED_OBJC_IMPLEMENTATIONS = YES;
				CLANG_WARN_DIRECT_OBJC_ISA_USAGE = YES_ERROR;
				CLANG_WARN_DOCUMENTATION_COMMENTS = YES;
				CLANG_WARN_EMPTY_BODY = YES;
				CLANG_WARN_ENUM_CONVERSION = YES;
				CLANG_WARN_INFINITE_RECURSION = YES;
				CLANG_WARN_INT_CONVERSION = YES;
				CLANG_WARN_NON_LITERAL_NULL_CONVERSION = YES;
				CLANG_WARN_OBJC_IMPLICIT_RETAIN_SELF = YES;
				CLANG_WARN_OBJC_LITERAL_CONVERSION = YES;
				CLANG_WARN_OBJC_ROOT_CLASS = YES_ERROR;
				CLANG_WARN_RANGE_LOOP_ANALYSIS = YES;
				CLANG_WARN_STRICT_PROTOTYPES = YES;
				CLANG_WARN_SUSPICIOUS_MOVE = YES;
				CLANG_WARN_UNGUARDED_AVAILABILITY = YES_AGGRESSIVE;
				CLANG_WARN_UNREACHABLE_CODE = YES;
				CLANG_WARN__DUPLICATE_METHOD_MATCH = YES;
				COPY_PHASE_STRIP = NO;
				DEBUG_INFORMATION_FORMAT = dwarf;
				ENABLE_STRICT_OBJC_MSGSEND = YES;
				ENABLE_TESTABILITY = YES;
				GCC_C_LANGUAGE_STANDARD = gnu11;
				GCC_DYNAMIC_NO_PIC = NO;
				GCC_NO_COMMON_BLOCKS = YES;
				GCC_OPTIMIZATION_LEVEL = 0;
				GCC_PREPROCESSOR_DEFINITIONS = (
					"DEBUG=1",
					"$(inherited)",
				);
				GCC_WARN_64_TO_32_BIT_CONVERSION = YES;
				GCC_WARN_ABOUT_RETURN_TYPE = YES_ERROR;
				GCC_WARN_UNDECLARED_SELECTOR = YES;
				GCC_WARN_UNINITIALIZED_AUTOS = YES_AGGRESSIVE;
				GCC_WARN_UNUSED_FUNCTION = YES;
				GCC_WARN_UNUSED_VARIABLE = YES;
				IPHONEOS_DEPLOYMENT_TARGET = 10.0;
				MTL_ENABLE_DEBUG_INFO = INCLUDE_SOURCE;
				MTL_FAST_MATH = YES;
				ONLY_ACTIVE_ARCH = YES;
				SDKROOT = iphoneos;
			};
			name = Debug;
		};
		E52EB80F242F081D00A154FB /* Release */ = {
			isa = XCBuildConfiguration;
			buildSettings = {
				ALWAYS_SEARCH_USER_PATHS = NO;
				CLANG_ANALYZER_NONNULL = YES;
				CLANG_ANALYZER_NUMBER_OBJECT_CONVERSION = YES_AGGRESSIVE;
				CLANG_CXX_LANGUAGE_STANDARD = "gnu++14";
				CLANG_CXX_LIBRARY = "libc++";
				CLANG_ENABLE_MODULES = YES;
				CLANG_ENABLE_OBJC_ARC = YES;
				CLANG_ENABLE_OBJC_WEAK = YES;
				CLANG_WARN_BLOCK_CAPTURE_AUTORELEASING = YES;
				CLANG_WARN_BOOL_CONVERSION = YES;
				CLANG_WARN_COMMA = YES;
				CLANG_WARN_CONSTANT_CONVERSION = YES;
				CLANG_WARN_DEPRECATED_OBJC_IMPLEMENTATIONS = YES;
				CLANG_WARN_DIRECT_OBJC_ISA_USAGE = YES_ERROR;
				CLANG_WARN_DOCUMENTATION_COMMENTS = YES;
				CLANG_WARN_EMPTY_BODY = YES;
				CLANG_WARN_ENUM_CONVERSION = YES;
				CLANG_WARN_INFINITE_RECURSION = YES;
				CLANG_WARN_INT_CONVERSION = YES;
				CLANG_WARN_NON_LITERAL_NULL_CONVERSION = YES;
				CLANG_WARN_OBJC_IMPLICIT_RETAIN_SELF = YES;
				CLANG_WARN_OBJC_LITERAL_CONVERSION = YES;
				CLANG_WARN_OBJC_ROOT_CLASS = YES_ERROR;
				CLANG_WARN_RANGE_LOOP_ANALYSIS = YES;
				CLANG_WARN_STRICT_PROTOTYPES = YES;
				CLANG_WARN_SUSPICIOUS_MOVE = YES;
				CLANG_WARN_UNGUARDED_AVAILABILITY = YES_AGGRESSIVE;
				CLANG_WARN_UNREACHABLE_CODE = YES;
				CLANG_WARN__DUPLICATE_METHOD_MATCH = YES;
				COPY_PHASE_STRIP = NO;
				DEBUG_INFORMATION_FORMAT = "dwarf-with-dsym";
				ENABLE_NS_ASSERTIONS = NO;
				ENABLE_STRICT_OBJC_MSGSEND = YES;
				GCC_C_LANGUAGE_STANDARD = gnu11;
				GCC_NO_COMMON_BLOCKS = YES;
				GCC_WARN_64_TO_32_BIT_CONVERSION = YES;
				GCC_WARN_ABOUT_RETURN_TYPE = YES_ERROR;
				GCC_WARN_UNDECLARED_SELECTOR = YES;
				GCC_WARN_UNINITIALIZED_AUTOS = YES_AGGRESSIVE;
				GCC_WARN_UNUSED_FUNCTION = YES;
				GCC_WARN_UNUSED_VARIABLE = YES;
				IPHONEOS_DEPLOYMENT_TARGET = 10.0;
				MTL_ENABLE_DEBUG_INFO = NO;
				MTL_FAST_MATH = YES;
				SDKROOT = iphoneos;
				VALIDATE_PRODUCT = YES;
			};
			name = Release;
		};
		E52EB811242F081D00A154FB /* Debug */ = {
			isa = XCBuildConfiguration;
			buildSettings = {
				ASSETCATALOG_COMPILER_APPICON_NAME = AppIcon;
				CODE_SIGN_STYLE = Automatic;
				DEVELOPMENT_TEAM = J2YCKU52A2;
				INFOPLIST_FILE = RedPageRain/Info.plist;
				LD_RUNPATH_SEARCH_PATHS = (
					"$(inherited)",
					"@executable_path/Frameworks",
				);
				PRODUCT_BUNDLE_IDENTIFIER = com.mt.RedPageRain;
				PRODUCT_NAME = "$(TARGET_NAME)";
				TARGETED_DEVICE_FAMILY = "1,2";
			};
			name = Debug;
		};
		E52EB812242F081D00A154FB /* Release */ = {
			isa = XCBuildConfiguration;
			buildSettings = {
				ASSETCATALOG_COMPILER_APPICON_NAME = AppIcon;
				CODE_SIGN_STYLE = Automatic;
				DEVELOPMENT_TEAM = J2YCKU52A2;
				INFOPLIST_FILE = RedPageRain/Info.plist;
				LD_RUNPATH_SEARCH_PATHS = (
					"$(inherited)",
					"@executable_path/Frameworks",
				);
				PRODUCT_BUNDLE_IDENTIFIER = com.mt.RedPageRain;
				PRODUCT_NAME = "$(TARGET_NAME)";
				TARGETED_DEVICE_FAMILY = "1,2";
			};
			name = Release;
		};
		E52EB814242F081D00A154FB /* Debug */ = {
			isa = XCBuildConfiguration;
			buildSettings = {
				BUNDLE_LOADER = "$(TEST_HOST)";
				CODE_SIGN_STYLE = Automatic;
				DEVELOPMENT_TEAM = J2YCKU52A2;
				INFOPLIST_FILE = RedPageRainTests/Info.plist;
				IPHONEOS_DEPLOYMENT_TARGET = 13.1;
				LD_RUNPATH_SEARCH_PATHS = (
					"$(inherited)",
					"@executable_path/Frameworks",
					"@loader_path/Frameworks",
				);
				PRODUCT_BUNDLE_IDENTIFIER = com.mt.RedPageRainTests;
				PRODUCT_NAME = "$(TARGET_NAME)";
				TARGETED_DEVICE_FAMILY = "1,2";
				TEST_HOST = "$(BUILT_PRODUCTS_DIR)/RedPageRain.app/RedPageRain";
			};
			name = Debug;
		};
		E52EB815242F081D00A154FB /* Release */ = {
			isa = XCBuildConfiguration;
			buildSettings = {
				BUNDLE_LOADER = "$(TEST_HOST)";
				CODE_SIGN_STYLE = Automatic;
				DEVELOPMENT_TEAM = J2YCKU52A2;
				INFOPLIST_FILE = RedPageRainTests/Info.plist;
				IPHONEOS_DEPLOYMENT_TARGET = 13.1;
				LD_RUNPATH_SEARCH_PATHS = (
					"$(inherited)",
					"@executable_path/Frameworks",
					"@loader_path/Frameworks",
				);
				PRODUCT_BUNDLE_IDENTIFIER = com.mt.RedPageRainTests;
				PRODUCT_NAME = "$(TARGET_NAME)";
				TARGETED_DEVICE_FAMILY = "1,2";
				TEST_HOST = "$(BUILT_PRODUCTS_DIR)/RedPageRain.app/RedPageRain";
			};
			name = Release;
		};
		E52EB817242F081D00A154FB /* Debug */ = {
			isa = XCBuildConfiguration;
			buildSettings = {
				CODE_SIGN_STYLE = Automatic;
				DEVELOPMENT_TEAM = J2YCKU52A2;
				INFOPLIST_FILE = RedPageRainUITests/Info.plist;
				LD_RUNPATH_SEARCH_PATHS = (
					"$(inherited)",
					"@executable_path/Frameworks",
					"@loader_path/Frameworks",
				);
				PRODUCT_BUNDLE_IDENTIFIER = com.mt.RedPageRainUITests;
				PRODUCT_NAME = "$(TARGET_NAME)";
				TARGETED_DEVICE_FAMILY = "1,2";
				TEST_TARGET_NAME = RedPageRain;
			};
			name = Debug;
		};
		E52EB818242F081D00A154FB /* Release */ = {
			isa = XCBuildConfiguration;
			buildSettings = {
				CODE_SIGN_STYLE = Automatic;
				DEVELOPMENT_TEAM = J2YCKU52A2;
				INFOPLIST_FILE = RedPageRainUITests/Info.plist;
				LD_RUNPATH_SEARCH_PATHS = (
					"$(inherited)",
					"@executable_path/Frameworks",
					"@loader_path/Frameworks",
				);
				PRODUCT_BUNDLE_IDENTIFIER = com.mt.RedPageRainUITests;
				PRODUCT_NAME = "$(TARGET_NAME)";
				TARGETED_DEVICE_FAMILY = "1,2";
				TEST_TARGET_NAME = RedPageRain;
			};
			name = Release;
		};
/* End XCBuildConfiguration section */

/* Begin XCConfigurationList section */
		E52EB7DC242F081C00A154FB /* Build configuration list for PBXProject "RedPageRain" */ = {
			isa = XCConfigurationList;
			buildConfigurations = (
				E52EB80E242F081D00A154FB /* Debug */,
				E52EB80F242F081D00A154FB /* Release */,
			);
			defaultConfigurationIsVisible = 0;
			defaultConfigurationName = Release;
		};
		E52EB810242F081D00A154FB /* Build configuration list for PBXNativeTarget "RedPageRain" */ = {
			isa = XCConfigurationList;
			buildConfigurations = (
				E52EB811242F081D00A154FB /* Debug */,
				E52EB812242F081D00A154FB /* Release */,
			);
			defaultConfigurationIsVisible = 0;
			defaultConfigurationName = Release;
		};
		E52EB813242F081D00A154FB /* Build configuration list for PBXNativeTarget "RedPageRainTests" */ = {
			isa = XCConfigurationList;
			buildConfigurations = (
				E52EB814242F081D00A154FB /* Debug */,
				E52EB815242F081D00A154FB /* Release */,
			);
			defaultConfigurationIsVisible = 0;
			defaultConfigurationName = Release;
		};
		E52EB816242F081D00A154FB /* Build configuration list for PBXNativeTarget "RedPageRainUITests" */ = {
			isa = XCConfigurationList;
			buildConfigurations = (
				E52EB817242F081D00A154FB /* Debug */,
				E52EB818242F081D00A154FB /* Release */,
			);
			defaultConfigurationIsVisible = 0;
			defaultConfigurationName = Release;
		};
/* End XCConfigurationList section */
	};
	rootObject = E52EB7D9242F081C00A154FB /* Project object */;
}
